
Microsoft Visual Studio Solution File, Format Version 12.00
# Visual Studio 14
VisualStudioVersion = 14.0.24720.0
MinimumVisualStudioVersion = 10.0.40219.1
Project("{FAE04EC0-301F-11D3-BF4B-00C04F79EFBC}") = "A_A.Tests", "A_A.Tests\A_A.Tests.csproj", "{027B53DA-5733-439A-87EC-413701518ED8}"
EndProject
Project("{FAE04EC0-301F-11D3-BF4B-00C04F79EFBC}") = "A_A.Library", "A_A.Library\A_A.Library.csproj", "{253D129C-24FF-44D4-B63D-A14092922A40}"
EndProject
Project("{FAE04EC0-301F-11D3-BF4B-00C04F79EFBC}") = "A_A.ConsoleApplication", "A_A.ConsoleApplication\A_A.ConsoleApplication.csproj", "{6C664BC8-9E3E-4478-A903-983E9B3E1A49}"
EndProject
Global
	GlobalSection(SolutionConfigurationPlatforms) = preSolution
		Debug|Any CPU = Debug|Any CPU
		Release|Any CPU = Release|Any CPU
	EndGlobalSection
	GlobalSection(ProjectConfigurationPlatforms) = postSolution
		{027B53DA-5733-439A-87EC-413701518ED8}.Debug|Any CPU.ActiveCfg = Debug|Any CPU
		{027B53DA-5733-439A-87EC-413701518ED8}.Debug|Any CPU.Build.0 = Debug|Any CPU
		{027B53DA-5733-439A-87EC-413701518ED8}.Release|Any CPU.ActiveCfg = Release|Any CPU
		{027B53DA-5733-439A-87EC-413701518ED8}.Release|Any CPU.Build.0 = Release|Any CPU
		{253D129C-24FF-44D4-B63D-A14092922A40}.Debug|Any CPU.ActiveCfg = Debug|Any CPU
		{253D129C-24FF-44D4-B63D-A14092922A40}.Debug|Any CPU.Build.0 = Debug|Any CPU
		{253D129C-24FF-44D4-B63D-A14092922A40}.Release|Any CPU.ActiveCfg = Release|Any CPU
		{253D129C-24FF-44D4-B63D-A14092922A40}.Release|Any CPU.Build.0 = Release|Any CPU
		{6C664BC8-9E3E-4478-A903-983E9B3E1A49}.Debug|Any CPU.ActiveCfg = Debug|Any CPU
		{6C664BC8-9E3E-4478-A903-983E9B3E1A49}.Debug|Any CPU.Build.0 = Debug|Any CPU
		{6C664BC8-9E3E-4478-A903-983E9B3E1A49}.Release|Any CPU.ActiveCfg = Release|Any CPU
		{6C664BC8-9E3E-4478-A903-983E9B3E1A49}.Release|Any CPU.Build.0 = Release|Any CPU
	EndGlobalSection
	GlobalSection(SolutionProperties) = preSolution
		HideSolutionNode = FALSE
	EndGlobalSection
EndGlobal
